
Microsoft Visual Studio Solution File, Format Version 12.00
# Visual Studio Version 17
VisualStudioVersion = 17.4.33205.214
MinimumVisualStudioVersion = 10.0.40219.1
Project("{FAE04EC0-301F-11D3-BF4B-00C04F79EFBC}") = "asabeginner2", "asabeginner2\asabeginner2.csproj", "{74057F2A-9C15-45AD-8EC6-94C10F5572D6}"
EndProject
Global
	GlobalSection(SolutionConfigurationPlatforms) = preSolution
		Debug|Any CPU = Debug|Any CPU
		Release|Any CPU = Release|Any CPU
	EndGlobalSection
	GlobalSection(ProjectConfigurationPlatforms) = postSolution
		{74057F2A-9C15-45AD-8EC6-94C10F5572D6}.Debug|Any CPU.ActiveCfg = Debug|Any CPU
		{74057F2A-9C15-45AD-8EC6-94C10F5572D6}.Debug|Any CPU.Build.0 = Debug|Any CPU
		{74057F2A-9C15-45AD-8EC6-94C10F5572D6}.Release|Any CPU.ActiveCfg = Release|Any CPU
		{74057F2A-9C15-45AD-8EC6-94C10F5572D6}.Release|Any CPU.Build.0 = Release|Any CPU
	EndGlobalSection
	GlobalSection(SolutionProperties) = preSolution
		HideSolutionNode = FALSE
	EndGlobalSection
	GlobalSection(ExtensibilityGlobals) = postSolution
		SolutionGuid = {2EA889CB-C3E2-4619-B6CC-A100C982D1B1}
	EndGlobalSection
EndGlobal
